
Microsoft Visual Studio Solution File, Format Version 12.00
# Visual Studio Version 16
VisualStudioVersion = 16.0.30011.22
MinimumVisualStudioVersion = 10.0.40219.1
Project("{8BC9CEB8-8B4A-11D0-8D11-00A0C91BC942}") = "Radix Sort", "Radix Sort\Radix Sort.vcxproj", "{E609DB22-A69B-41CA-8143-71072148021F}"
EndProject
Project("{8BC9CEB8-8B4A-11D0-8D11-00A0C91BC942}") = "Cautare binara", "Cautare binara\Cautare binara.vcxproj", "{3E480BA7-0835-460C-8768-CEFCC936875D}"
EndProject
Project("{8BC9CEB8-8B4A-11D0-8D11-00A0C91BC942}") = "Statistici de ordine", "Statistici de ordine\Statistici de ordine.vcxproj", "{52B73238-1A8B-4058-9DF2-F891880C119B}"
EndProject
Project("{8BC9CEB8-8B4A-11D0-8D11-00A0C91BC942}") = "Sortare prin comparare", "Sortare prin comparare\Sortare prin comparare.vcxproj", "{2004D763-F46F-4F0A-AF21-9136090077E8}"
EndProject
Project("{8BC9CEB8-8B4A-11D0-8D11-00A0C91BC942}") = "Inv", "Inv\Inv.vcxproj", "{0AF47FC3-4A3A-4204-AE82-46D2609F9A74}"
EndProject
Project("{8BC9CEB8-8B4A-11D0-8D11-00A0C91BC942}") = "Trapez", "Trapez\Trapez.vcxproj", "{F41EE9D3-8724-428A-BE8E-0E9ED3A64F47}"
EndProject
Project("{8BC9CEB8-8B4A-11D0-8D11-00A0C91BC942}") = "Binar", "Binar\Binar.vcxproj", "{F4DCDE39-CDED-4408-BB2A-5D9D96F06860}"
EndProject
Project("{8BC9CEB8-8B4A-11D0-8D11-00A0C91BC942}") = "Flori2", "Flori2\Flori2.vcxproj", "{1F0C753D-FCC4-4CFE-854E-D1EC4DD2A599}"
EndProject
Project("{8BC9CEB8-8B4A-11D0-8D11-00A0C91BC942}") = "Factorial", "Factorial\Factorial.vcxproj", "{FD379693-87EA-4611-AC60-7C24C314C90C}"
EndProject
Project("{8BC9CEB8-8B4A-11D0-8D11-00A0C91BC942}") = "Transport", "Transport\Transport.vcxproj", "{10D27338-BDE3-4A8F-AFB0-C16A67EF19EE}"
EndProject
Project("{8BC9CEB8-8B4A-11D0-8D11-00A0C91BC942}") = "Vanya and Lanterns", "Vanya and Lanterns\Vanya and Lanterns.vcxproj", "{A24DC471-938C-4EA2-9790-5240E1DE7844}"
EndProject
Project("{8BC9CEB8-8B4A-11D0-8D11-00A0C91BC942}") = "Drazil and Factorial", "Drazil and Factorial\Drazil and Factorial.vcxproj", "{DD3751AD-22AF-4F5A-9274-6395F1DF41F7}"
EndProject
Project("{8BC9CEB8-8B4A-11D0-8D11-00A0C91BC942}") = "Sum of Odd Integers", "Sum of Odd Integers\Sum of Odd Integers.vcxproj", "{FB0A06F5-BAD3-4417-BB5F-2371B53B738F}"
EndProject
Project("{8BC9CEB8-8B4A-11D0-8D11-00A0C91BC942}") = "Deque", "Deque\Deque.vcxproj", "{14089215-23F7-4538-8845-2592D1D050BE}"
EndProject
Project("{8BC9CEB8-8B4A-11D0-8D11-00A0C91BC942}") = "Muzica", "Muzica\Muzica.vcxproj", "{AD6FC305-1206-499C-A6C5-D3DB7DF95EF1}"
EndProject
Project("{8BC9CEB8-8B4A-11D0-8D11-00A0C91BC942}") = "Loto", "Loto\Loto.vcxproj", "{B3E4A45A-E140-4D91-8BF7-3E76BBFAE426}"
EndProject
Project("{8BC9CEB8-8B4A-11D0-8D11-00A0C91BC942}") = "Alibaba", "Alibaba\Alibaba.vcxproj", "{7D6E6A44-4D56-45C3-A7DD-CAB74078F65A}"
EndProject
Project("{8BC9CEB8-8B4A-11D0-8D11-00A0C91BC942}") = "Queue", "Queue\Queue.vcxproj", "{A7F34797-5459-4D69-A382-1E0AC342E743}"
EndProject
Project("{8BC9CEB8-8B4A-11D0-8D11-00A0C91BC942}") = "Hashuri", "Hashuri\Hashuri.vcxproj", "{DACC9A0E-8F8C-4588-BEB0-464A3714C69A}"
EndProject
Project("{8BC9CEB8-8B4A-11D0-8D11-00A0C91BC942}") = "Proc2", "Proc2\Proc2.vcxproj", "{9052A903-D941-42C7-AD54-6E19857596B2}"
EndProject
Project("{8BC9CEB8-8B4A-11D0-8D11-00A0C91BC942}") = "Heapuri", "Heapuri\Heapuri.vcxproj", "{D79C780F-E9E6-415E-AFB0-567E9BF83DB2}"
EndProject
Project("{8BC9CEB8-8B4A-11D0-8D11-00A0C91BC942}") = "Timbre", "Timbre\Timbre.vcxproj", "{6DC78B30-788B-4498-9BF4-B8ED7505950E}"
EndProject
Project("{8BC9CEB8-8B4A-11D0-8D11-00A0C91BC942}") = "Datorii", "Datorii\Datorii.vcxproj", "{298E8606-4E0D-4B59-B35F-D5059FCF45C1}"
EndProject
Project("{8BC9CEB8-8B4A-11D0-8D11-00A0C91BC942}") = "Range minimum query", "Range minimum query\Range minimum query.vcxproj", "{63AFB78B-F55C-4731-B0B5-C69D18937059}"
EndProject
Project("{8BC9CEB8-8B4A-11D0-8D11-00A0C91BC942}") = "Baruri", "Baruri\Baruri.vcxproj", "{C3E3503E-527A-404A-9A90-B919C916E327}"
EndProject
Project("{8BC9CEB8-8B4A-11D0-8D11-00A0C91BC942}") = "Pikachu", "Pikachu\Pikachu.vcxproj", "{A0D38036-A552-48C8-9ABA-D9E3B68C64EE}"
EndProject
Project("{8BC9CEB8-8B4A-11D0-8D11-00A0C91BC942}") = "Mexitate", "Mexitate\Mexitate.vcxproj", "{EE861F5A-E07E-46AA-8509-75E5EE5DF64B}"
EndProject
Project("{8BC9CEB8-8B4A-11D0-8D11-00A0C91BC942}") = "Patrate 3", "Patrate 3\Patrate 3.vcxproj", "{D92A6714-CE9F-449B-86B0-0F9223A1566E}"
EndProject
Global
	GlobalSection(SolutionConfigurationPlatforms) = preSolution
		Debug|x64 = Debug|x64
		Debug|x86 = Debug|x86
		Release|x64 = Release|x64
		Release|x86 = Release|x86
	EndGlobalSection
	GlobalSection(ProjectConfigurationPlatforms) = postSolution
		{E609DB22-A69B-41CA-8143-71072148021F}.Debug|x64.ActiveCfg = Debug|x64
		{E609DB22-A69B-41CA-8143-71072148021F}.Debug|x64.Build.0 = Debug|x64
		{E609DB22-A69B-41CA-8143-71072148021F}.Debug|x86.ActiveCfg = Debug|Win32
		{E609DB22-A69B-41CA-8143-71072148021F}.Debug|x86.Build.0 = Debug|Win32
		{E609DB22-A69B-41CA-8143-71072148021F}.Release|x64.ActiveCfg = Release|x64
		{E609DB22-A69B-41CA-8143-71072148021F}.Release|x64.Build.0 = Release|x64
		{E609DB22-A69B-41CA-8143-71072148021F}.Release|x86.ActiveCfg = Release|Win32
		{E609DB22-A69B-41CA-8143-71072148021F}.Release|x86.Build.0 = Release|Win32
		{3E480BA7-0835-460C-8768-CEFCC936875D}.Debug|x64.ActiveCfg = Debug|x64
		{3E480BA7-0835-460C-8768-CEFCC936875D}.Debug|x64.Build.0 = Debug|x64
		{3E480BA7-0835-460C-8768-CEFCC936875D}.Debug|x86.ActiveCfg = Debug|Win32
		{3E480BA7-0835-460C-8768-CEFCC936875D}.Debug|x86.Build.0 = Debug|Win32
		{3E480BA7-0835-460C-8768-CEFCC936875D}.Release|x64.ActiveCfg = Release|x64
		{3E480BA7-0835-460C-8768-CEFCC936875D}.Release|x64.Build.0 = Release|x64
		{3E480BA7-0835-460C-8768-CEFCC936875D}.Release|x86.ActiveCfg = Release|Win32
		{3E480BA7-0835-460C-8768-CEFCC936875D}.Release|x86.Build.0 = Release|Win32
		{52B73238-1A8B-4058-9DF2-F891880C119B}.Debug|x64.ActiveCfg = Debug|x64
		{52B73238-1A8B-4058-9DF2-F891880C119B}.Debug|x64.Build.0 = Debug|x64
		{52B73238-1A8B-4058-9DF2-F891880C119B}.Debug|x86.ActiveCfg = Debug|Win32
		{52B73238-1A8B-4058-9DF2-F891880C119B}.Debug|x86.Build.0 = Debug|Win32
		{52B73238-1A8B-4058-9DF2-F891880C119B}.Release|x64.ActiveCfg = Release|x64
		{52B73238-1A8B-4058-9DF2-F891880C119B}.Release|x64.Build.0 = Release|x64
		{52B73238-1A8B-4058-9DF2-F891880C119B}.Release|x86.ActiveCfg = Release|Win32
		{52B73238-1A8B-4058-9DF2-F891880C119B}.Release|x86.Build.0 = Release|Win32
		{2004D763-F46F-4F0A-AF21-9136090077E8}.Debug|x64.ActiveCfg = Debug|x64
		{2004D763-F46F-4F0A-AF21-9136090077E8}.Debug|x64.Build.0 = Debug|x64
		{2004D763-F46F-4F0A-AF21-9136090077E8}.Debug|x86.ActiveCfg = Debug|Win32
		{2004D763-F46F-4F0A-AF21-9136090077E8}.Debug|x86.Build.0 = Debug|Win32
		{2004D763-F46F-4F0A-AF21-9136090077E8}.Release|x64.ActiveCfg = Release|x64
		{2004D763-F46F-4F0A-AF21-9136090077E8}.Release|x64.Build.0 = Release|x64
		{2004D763-F46F-4F0A-AF21-9136090077E8}.Release|x86.ActiveCfg = Release|Win32
		{2004D763-F46F-4F0A-AF21-9136090077E8}.Release|x86.Build.0 = Release|Win32
		{0AF47FC3-4A3A-4204-AE82-46D2609F9A74}.Debug|x64.ActiveCfg = Debug|x64
		{0AF47FC3-4A3A-4204-AE82-46D2609F9A74}.Debug|x64.Build.0 = Debug|x64
		{0AF47FC3-4A3A-4204-AE82-46D2609F9A74}.Debug|x86.ActiveCfg = Debug|Win32
		{0AF47FC3-4A3A-4204-AE82-46D2609F9A74}.Debug|x86.Build.0 = Debug|Win32
		{0AF47FC3-4A3A-4204-AE82-46D2609F9A74}.Release|x64.ActiveCfg = Release|x64
		{0AF47FC3-4A3A-4204-AE82-46D2609F9A74}.Release|x64.Build.0 = Release|x64
		{0AF47FC3-4A3A-4204-AE82-46D2609F9A74}.Release|x86.ActiveCfg = Release|Win32
		{0AF47FC3-4A3A-4204-AE82-46D2609F9A74}.Release|x86.Build.0 = Release|Win32
		{F41EE9D3-8724-428A-BE8E-0E9ED3A64F47}.Debug|x64.ActiveCfg = Debug|x64
		{F41EE9D3-8724-428A-BE8E-0E9ED3A64F47}.Debug|x64.Build.0 = Debug|x64
		{F41EE9D3-8724-428A-BE8E-0E9ED3A64F47}.Debug|x86.ActiveCfg = Debug|Win32
		{F41EE9D3-8724-428A-BE8E-0E9ED3A64F47}.Debug|x86.Build.0 = Debug|Win32
		{F41EE9D3-8724-428A-BE8E-0E9ED3A64F47}.Release|x64.ActiveCfg = Release|x64
		{F41EE9D3-8724-428A-BE8E-0E9ED3A64F47}.Release|x64.Build.0 = Release|x64
		{F41EE9D3-8724-428A-BE8E-0E9ED3A64F47}.Release|x86.ActiveCfg = Release|Win32
		{F41EE9D3-8724-428A-BE8E-0E9ED3A64F47}.Release|x86.Build.0 = Release|Win32
		{F4DCDE39-CDED-4408-BB2A-5D9D96F06860}.Debug|x64.ActiveCfg = Debug|x64
		{F4DCDE39-CDED-4408-BB2A-5D9D96F06860}.Debug|x64.Build.0 = Debug|x64
		{F4DCDE39-CDED-4408-BB2A-5D9D96F06860}.Debug|x86.ActiveCfg = Debug|Win32
		{F4DCDE39-CDED-4408-BB2A-5D9D96F06860}.Debug|x86.Build.0 = Debug|Win32
		{F4DCDE39-CDED-4408-BB2A-5D9D96F06860}.Release|x64.ActiveCfg = Release|x64
		{F4DCDE39-CDED-4408-BB2A-5D9D96F06860}.Release|x64.Build.0 = Release|x64
		{F4DCDE39-CDED-4408-BB2A-5D9D96F06860}.Release|x86.ActiveCfg = Release|Win32
		{F4DCDE39-CDED-4408-BB2A-5D9D96F06860}.Release|x86.Build.0 = Release|Win32
		{1F0C753D-FCC4-4CFE-854E-D1EC4DD2A599}.Debug|x64.ActiveCfg = Debug|x64
		{1F0C753D-FCC4-4CFE-854E-D1EC4DD2A599}.Debug|x64.Build.0 = Debug|x64
		{1F0C753D-FCC4-4CFE-854E-D1EC4DD2A599}.Debug|x86.ActiveCfg = Debug|Win32
		{1F0C753D-FCC4-4CFE-854E-D1EC4DD2A599}.Debug|x86.Build.0 = Debug|Win32
		{1F0C753D-FCC4-4CFE-854E-D1EC4DD2A599}.Release|x64.ActiveCfg = Release|x64
		{1F0C753D-FCC4-4CFE-854E-D1EC4DD2A599}.Release|x64.Build.0 = Release|x64
		{1F0C753D-FCC4-4CFE-854E-D1EC4DD2A599}.Release|x86.ActiveCfg = Release|Win32
		{1F0C753D-FCC4-4CFE-854E-D1EC4DD2A599}.Release|x86.Build.0 = Release|Win32
		{FD379693-87EA-4611-AC60-7C24C314C90C}.Debug|x64.ActiveCfg = Debug|x64
		{FD379693-87EA-4611-AC60-7C24C314C90C}.Debug|x64.Build.0 = Debug|x64
		{FD379693-87EA-4611-AC60-7C24C314C90C}.Debug|x86.ActiveCfg = Debug|Win32
		{FD379693-87EA-4611-AC60-7C24C314C90C}.Debug|x86.Build.0 = Debug|Win32
		{FD379693-87EA-4611-AC60-7C24C314C90C}.Release|x64.ActiveCfg = Release|x64
		{FD379693-87EA-4611-AC60-7C24C314C90C}.Release|x64.Build.0 = Release|x64
		{FD379693-87EA-4611-AC60-7C24C314C90C}.Release|x86.ActiveCfg = Release|Win32
		{FD379693-87EA-4611-AC60-7C24C314C90C}.Release|x86.Build.0 = Release|Win32
		{10D27338-BDE3-4A8F-AFB0-C16A67EF19EE}.Debug|x64.ActiveCfg = Debug|x64
		{10D27338-BDE3-4A8F-AFB0-C16A67EF19EE}.Debug|x64.Build.0 = Debug|x64
		{10D27338-BDE3-4A8F-AFB0-C16A67EF19EE}.Debug|x86.ActiveCfg = Debug|Win32
		{10D27338-BDE3-4A8F-AFB0-C16A67EF19EE}.Debug|x86.Build.0 = Debug|Win32
		{10D27338-BDE3-4A8F-AFB0-C16A67EF19EE}.Release|x64.ActiveCfg = Release|x64
		{10D27338-BDE3-4A8F-AFB0-C16A67EF19EE}.Release|x64.Build.0 = Release|x64
		{10D27338-BDE3-4A8F-AFB0-C16A67EF19EE}.Release|x86.ActiveCfg = Release|Win32
		{10D27338-BDE3-4A8F-AFB0-C16A67EF19EE}.Release|x86.Build.0 = Release|Win32
		{A24DC471-938C-4EA2-9790-5240E1DE7844}.Debug|x64.ActiveCfg = Debug|x64
		{A24DC471-938C-4EA2-9790-5240E1DE7844}.Debug|x64.Build.0 = Debug|x64
		{A24DC471-938C-4EA2-9790-5240E1DE7844}.Debug|x86.ActiveCfg = Debug|Win32
		{A24DC471-938C-4EA2-9790-5240E1DE7844}.Debug|x86.Build.0 = Debug|Win32
		{A24DC471-938C-4EA2-9790-5240E1DE7844}.Release|x64.ActiveCfg = Release|x64
		{A24DC471-938C-4EA2-9790-5240E1DE7844}.Release|x64.Build.0 = Release|x64
		{A24DC471-938C-4EA2-9790-5240E1DE7844}.Release|x86.ActiveCfg = Release|Win32
		{A24DC471-938C-4EA2-9790-5240E1DE7844}.Release|x86.Build.0 = Release|Win32
		{DD3751AD-22AF-4F5A-9274-6395F1DF41F7}.Debug|x64.ActiveCfg = Debug|x64
		{DD3751AD-22AF-4F5A-9274-6395F1DF41F7}.Debug|x64.Build.0 = Debug|x64
		{DD3751AD-22AF-4F5A-9274-6395F1DF41F7}.Debug|x86.ActiveCfg = Debug|Win32
		{DD3751AD-22AF-4F5A-9274-6395F1DF41F7}.Debug|x86.Build.0 = Debug|Win32
		{DD3751AD-22AF-4F5A-9274-6395F1DF41F7}.Release|x64.ActiveCfg = Release|x64
		{DD3751AD-22AF-4F5A-9274-6395F1DF41F7}.Release|x64.Build.0 = Release|x64
		{DD3751AD-22AF-4F5A-9274-6395F1DF41F7}.Release|x86.ActiveCfg = Release|Win32
		{DD3751AD-22AF-4F5A-9274-6395F1DF41F7}.Release|x86.Build.0 = Release|Win32
		{FB0A06F5-BAD3-4417-BB5F-2371B53B738F}.Debug|x64.ActiveCfg = Debug|x64
		{FB0A06F5-BAD3-4417-BB5F-2371B53B738F}.Debug|x64.Build.0 = Debug|x64
		{FB0A06F5-BAD3-4417-BB5F-2371B53B738F}.Debug|x86.ActiveCfg = Debug|Win32
		{FB0A06F5-BAD3-4417-BB5F-2371B53B738F}.Debug|x86.Build.0 = Debug|Win32
		{FB0A06F5-BAD3-4417-BB5F-2371B53B738F}.Release|x64.ActiveCfg = Release|x64
		{FB0A06F5-BAD3-4417-BB5F-2371B53B738F}.Release|x64.Build.0 = Release|x64
		{FB0A06F5-BAD3-4417-BB5F-2371B53B738F}.Release|x86.ActiveCfg = Release|Win32
		{FB0A06F5-BAD3-4417-BB5F-2371B53B738F}.Release|x86.Build.0 = Release|Win32
		{14089215-23F7-4538-8845-2592D1D050BE}.Debug|x64.ActiveCfg = Debug|x64
		{14089215-23F7-4538-8845-2592D1D050BE}.Debug|x64.Build.0 = Debug|x64
		{14089215-23F7-4538-8845-2592D1D050BE}.Debug|x86.ActiveCfg = Debug|Win32
		{14089215-23F7-4538-8845-2592D1D050BE}.Debug|x86.Build.0 = Debug|Win32
		{14089215-23F7-4538-8845-2592D1D050BE}.Release|x64.ActiveCfg = Release|x64
		{14089215-23F7-4538-8845-2592D1D050BE}.Release|x64.Build.0 = Release|x64
		{14089215-23F7-4538-8845-2592D1D050BE}.Release|x86.ActiveCfg = Release|Win32
		{14089215-23F7-4538-8845-2592D1D050BE}.Release|x86.Build.0 = Release|Win32
		{AD6FC305-1206-499C-A6C5-D3DB7DF95EF1}.Debug|x64.ActiveCfg = Debug|x64
		{AD6FC305-1206-499C-A6C5-D3DB7DF95EF1}.Debug|x64.Build.0 = Debug|x64
		{AD6FC305-1206-499C-A6C5-D3DB7DF95EF1}.Debug|x86.ActiveCfg = Debug|Win32
		{AD6FC305-1206-499C-A6C5-D3DB7DF95EF1}.Debug|x86.Build.0 = Debug|Win32
		{AD6FC305-1206-499C-A6C5-D3DB7DF95EF1}.Release|x64.ActiveCfg = Release|x64
		{AD6FC305-1206-499C-A6C5-D3DB7DF95EF1}.Release|x64.Build.0 = Release|x64
		{AD6FC305-1206-499C-A6C5-D3DB7DF95EF1}.Release|x86.ActiveCfg = Release|Win32
		{AD6FC305-1206-499C-A6C5-D3DB7DF95EF1}.Release|x86.Build.0 = Release|Win32
		{B3E4A45A-E140-4D91-8BF7-3E76BBFAE426}.Debug|x64.ActiveCfg = Debug|x64
		{B3E4A45A-E140-4D91-8BF7-3E76BBFAE426}.Debug|x64.Build.0 = Debug|x64
		{B3E4A45A-E140-4D91-8BF7-3E76BBFAE426}.Debug|x86.ActiveCfg = Debug|Win32
		{B3E4A45A-E140-4D91-8BF7-3E76BBFAE426}.Debug|x86.Build.0 = Debug|Win32
		{B3E4A45A-E140-4D91-8BF7-3E76BBFAE426}.Release|x64.ActiveCfg = Release|x64
		{B3E4A45A-E140-4D91-8BF7-3E76BBFAE426}.Release|x64.Build.0 = Release|x64
		{B3E4A45A-E140-4D91-8BF7-3E76BBFAE426}.Release|x86.ActiveCfg = Release|Win32
		{B3E4A45A-E140-4D91-8BF7-3E76BBFAE426}.Release|x86.Build.0 = Release|Win32
		{7D6E6A44-4D56-45C3-A7DD-CAB74078F65A}.Debug|x64.ActiveCfg = Debug|x64
		{7D6E6A44-4D56-45C3-A7DD-CAB74078F65A}.Debug|x64.Build.0 = Debug|x64
		{7D6E6A44-4D56-45C3-A7DD-CAB74078F65A}.Debug|x86.ActiveCfg = Debug|Win32
		{7D6E6A44-4D56-45C3-A7DD-CAB74078F65A}.Debug|x86.Build.0 = Debug|Win32
		{7D6E6A44-4D56-45C3-A7DD-CAB74078F65A}.Release|x64.ActiveCfg = Release|x64
		{7D6E6A44-4D56-45C3-A7DD-CAB74078F65A}.Release|x64.Build.0 = Release|x64
		{7D6E6A44-4D56-45C3-A7DD-CAB74078F65A}.Release|x86.ActiveCfg = Release|Win32
		{7D6E6A44-4D56-45C3-A7DD-CAB74078F65A}.Release|x86.Build.0 = Release|Win32
		{A7F34797-5459-4D69-A382-1E0AC342E743}.Debug|x64.ActiveCfg = Debug|x64
		{A7F34797-5459-4D69-A382-1E0AC342E743}.Debug|x64.Build.0 = Debug|x64
		{A7F34797-5459-4D69-A382-1E0AC342E743}.Debug|x86.ActiveCfg = Debug|Win32
		{A7F34797-5459-4D69-A382-1E0AC342E743}.Debug|x86.Build.0 = Debug|Win32
		{A7F34797-5459-4D69-A382-1E0AC342E743}.Release|x64.ActiveCfg = Release|x64
		{A7F34797-5459-4D69-A382-1E0AC342E743}.Release|x64.Build.0 = Release|x64
		{A7F34797-5459-4D69-A382-1E0AC342E743}.Release|x86.ActiveCfg = Release|Win32
		{A7F34797-5459-4D69-A382-1E0AC342E743}.Release|x86.Build.0 = Release|Win32
		{DACC9A0E-8F8C-4588-BEB0-464A3714C69A}.Debug|x64.ActiveCfg = Debug|x64
		{DACC9A0E-8F8C-4588-BEB0-464A3714C69A}.Debug|x64.Build.0 = Debug|x64
		{DACC9A0E-8F8C-4588-BEB0-464A3714C69A}.Debug|x86.ActiveCfg = Debug|Win32
		{DACC9A0E-8F8C-4588-BEB0-464A3714C69A}.Debug|x86.Build.0 = Debug|Win32
		{DACC9A0E-8F8C-4588-BEB0-464A3714C69A}.Release|x64.ActiveCfg = Release|x64
		{DACC9A0E-8F8C-4588-BEB0-464A3714C69A}.Release|x64.Build.0 = Release|x64
		{DACC9A0E-8F8C-4588-BEB0-464A3714C69A}.Release|x86.ActiveCfg = Release|Win32
		{DACC9A0E-8F8C-4588-BEB0-464A3714C69A}.Release|x86.Build.0 = Release|Win32
		{9052A903-D941-42C7-AD54-6E19857596B2}.Debug|x64.ActiveCfg = Debug|x64
		{9052A903-D941-42C7-AD54-6E19857596B2}.Debug|x64.Build.0 = Debug|x64
		{9052A903-D941-42C7-AD54-6E19857596B2}.Debug|x86.ActiveCfg = Debug|Win32
		{9052A903-D941-42C7-AD54-6E19857596B2}.Debug|x86.Build.0 = Debug|Win32
		{9052A903-D941-42C7-AD54-6E19857596B2}.Release|x64.ActiveCfg = Release|x64
		{9052A903-D941-42C7-AD54-6E19857596B2}.Release|x64.Build.0 = Release|x64
		{9052A903-D941-42C7-AD54-6E19857596B2}.Release|x86.ActiveCfg = Release|Win32
		{9052A903-D941-42C7-AD54-6E19857596B2}.Release|x86.Build.0 = Release|Win32
		{D79C780F-E9E6-415E-AFB0-567E9BF83DB2}.Debug|x64.ActiveCfg = Debug|x64
		{D79C780F-E9E6-415E-AFB0-567E9BF83DB2}.Debug|x64.Build.0 = Debug|x64
		{D79C780F-E9E6-415E-AFB0-567E9BF83DB2}.Debug|x86.ActiveCfg = Debug|Win32
		{D79C780F-E9E6-415E-AFB0-567E9BF83DB2}.Debug|x86.Build.0 = Debug|Win32
		{D79C780F-E9E6-415E-AFB0-567E9BF83DB2}.Release|x64.ActiveCfg = Release|x64
		{D79C780F-E9E6-415E-AFB0-567E9BF83DB2}.Release|x64.Build.0 = Release|x64
		{D79C780F-E9E6-415E-AFB0-567E9BF83DB2}.Release|x86.ActiveCfg = Release|Win32
		{D79C780F-E9E6-415E-AFB0-567E9BF83DB2}.Release|x86.Build.0 = Release|Win32
		{6DC78B30-788B-4498-9BF4-B8ED7505950E}.Debug|x64.ActiveCfg = Debug|x64
		{6DC78B30-788B-4498-9BF4-B8ED7505950E}.Debug|x64.Build.0 = Debug|x64
		{6DC78B30-788B-4498-9BF4-B8ED7505950E}.Debug|x86.ActiveCfg = Debug|Win32
		{6DC78B30-788B-4498-9BF4-B8ED7505950E}.Debug|x86.Build.0 = Debug|Win32
		{6DC78B30-788B-4498-9BF4-B8ED7505950E}.Release|x64.ActiveCfg = Release|x64
		{6DC78B30-788B-4498-9BF4-B8ED7505950E}.Release|x64.Build.0 = Release|x64
		{6DC78B30-788B-4498-9BF4-B8ED7505950E}.Release|x86.ActiveCfg = Release|Win32
		{6DC78B30-788B-4498-9BF4-B8ED7505950E}.Release|x86.Build.0 = Release|Win32
		{298E8606-4E0D-4B59-B35F-D5059FCF45C1}.Debug|x64.ActiveCfg = Debug|x64
		{298E8606-4E0D-4B59-B35F-D5059FCF45C1}.Debug|x64.Build.0 = Debug|x64
		{298E8606-4E0D-4B59-B35F-D5059FCF45C1}.Debug|x86.ActiveCfg = Debug|Win32
		{298E8606-4E0D-4B59-B35F-D5059FCF45C1}.Debug|x86.Build.0 = Debug|Win32
		{298E8606-4E0D-4B59-B35F-D5059FCF45C1}.Release|x64.ActiveCfg = Release|x64
		{298E8606-4E0D-4B59-B35F-D5059FCF45C1}.Release|x64.Build.0 = Release|x64
		{298E8606-4E0D-4B59-B35F-D5059FCF45C1}.Release|x86.ActiveCfg = Release|Win32
		{298E8606-4E0D-4B59-B35F-D5059FCF45C1}.Release|x86.Build.0 = Release|Win32
		{63AFB78B-F55C-4731-B0B5-C69D18937059}.Debug|x64.ActiveCfg = Debug|x64
		{63AFB78B-F55C-4731-B0B5-C69D18937059}.Debug|x64.Build.0 = Debug|x64
		{63AFB78B-F55C-4731-B0B5-C69D18937059}.Debug|x86.ActiveCfg = Debug|Win32
		{63AFB78B-F55C-4731-B0B5-C69D18937059}.Debug|x86.Build.0 = Debug|Win32
		{63AFB78B-F55C-4731-B0B5-C69D18937059}.Release|x64.ActiveCfg = Release|x64
		{63AFB78B-F55C-4731-B0B5-C69D18937059}.Release|x64.Build.0 = Release|x64
		{63AFB78B-F55C-4731-B0B5-C69D18937059}.Release|x86.ActiveCfg = Release|Win32
		{63AFB78B-F55C-4731-B0B5-C69D18937059}.Release|x86.Build.0 = Release|Win32
		{C3E3503E-527A-404A-9A90-B919C916E327}.Debug|x64.ActiveCfg = Debug|x64
		{C3E3503E-527A-404A-9A90-B919C916E327}.Debug|x64.Build.0 = Debug|x64
		{C3E3503E-527A-404A-9A90-B919C916E327}.Debug|x86.ActiveCfg = Debug|Win32
		{C3E3503E-527A-404A-9A90-B919C916E327}.Debug|x86.Build.0 = Debug|Win32
		{C3E3503E-527A-404A-9A90-B919C916E327}.Release|x64.ActiveCfg = Release|x64
		{C3E3503E-527A-404A-9A90-B919C916E327}.Release|x64.Build.0 = Release|x64
		{C3E3503E-527A-404A-9A90-B919C916E327}.Release|x86.ActiveCfg = Release|Win32
		{C3E3503E-527A-404A-9A90-B919C916E327}.Release|x86.Build.0 = Release|Win32
		{A0D38036-A552-48C8-9ABA-D9E3B68C64EE}.Debug|x64.ActiveCfg = Debug|x64
		{A0D38036-A552-48C8-9ABA-D9E3B68C64EE}.Debug|x64.Build.0 = Debug|x64
		{A0D38036-A552-48C8-9ABA-D9E3B68C64EE}.Debug|x86.ActiveCfg = Debug|Win32
		{A0D38036-A552-48C8-9ABA-D9E3B68C64EE}.Debug|x86.Build.0 = Debug|Win32
		{A0D38036-A552-48C8-9ABA-D9E3B68C64EE}.Release|x64.ActiveCfg = Release|x64
		{A0D38036-A552-48C8-9ABA-D9E3B68C64EE}.Release|x64.Build.0 = Release|x64
		{A0D38036-A552-48C8-9ABA-D9E3B68C64EE}.Release|x86.ActiveCfg = Release|Win32
		{A0D38036-A552-48C8-9ABA-D9E3B68C64EE}.Release|x86.Build.0 = Release|Win32
		{EE861F5A-E07E-46AA-8509-75E5EE5DF64B}.Debug|x64.ActiveCfg = Debug|x64
		{EE861F5A-E07E-46AA-8509-75E5EE5DF64B}.Debug|x64.Build.0 = Debug|x64
		{EE861F5A-E07E-46AA-8509-75E5EE5DF64B}.Debug|x86.ActiveCfg = Debug|Win32
		{EE861F5A-E07E-46AA-8509-75E5EE5DF64B}.Debug|x86.Build.0 = Debug|Win32
		{EE861F5A-E07E-46AA-8509-75E5EE5DF64B}.Release|x64.ActiveCfg = Release|x64
		{EE861F5A-E07E-46AA-8509-75E5EE5DF64B}.Release|x64.Build.0 = Release|x64
		{EE861F5A-E07E-46AA-8509-75E5EE5DF64B}.Release|x86.ActiveCfg = Release|Win32
		{EE861F5A-E07E-46AA-8509-75E5EE5DF64B}.Release|x86.Build.0 = Release|Win32
		{D92A6714-CE9F-449B-86B0-0F9223A1566E}.Debug|x64.ActiveCfg = Debug|x64
		{D92A6714-CE9F-449B-86B0-0F9223A1566E}.Debug|x64.Build.0 = Debug|x64
		{D92A6714-CE9F-449B-86B0-0F9223A1566E}.Debug|x86.ActiveCfg = Debug|Win32
		{D92A6714-CE9F-449B-86B0-0F9223A1566E}.Debug|x86.Build.0 = Debug|Win32
		{D92A6714-CE9F-449B-86B0-0F9223A1566E}.Release|x64.ActiveCfg = Release|x64
		{D92A6714-CE9F-449B-86B0-0F9223A1566E}.Release|x64.Build.0 = Release|x64
		{D92A6714-CE9F-449B-86B0-0F9223A1566E}.Release|x86.ActiveCfg = Release|Win32
		{D92A6714-CE9F-449B-86B0-0F9223A1566E}.Release|x86.Build.0 = Release|Win32
	EndGlobalSection
	GlobalSection(SolutionProperties) = preSolution
		HideSolutionNode = FALSE
	EndGlobalSection
	GlobalSection(ExtensibilityGlobals) = postSolution
		SolutionGuid = {91F9C6E1-D94D-448B-A48F-7EBB8669FA91}
	EndGlobalSection
EndGlobal
